
Microsoft Visual Studio Solution File, Format Version 12.00
# Visual Studio Version 17
VisualStudioVersion = 17.6.33829.357
MinimumVisualStudioVersion = 10.0.40219.1
Project("{FAE04EC0-301F-11D3-BF4B-00C04F79EFBC}") = "EDUbankTest", "EDUbankTest\EDUbankTest.csproj", "{3FAEE206-818E-4187-AC83-E91FDE82A5B1}"
EndProject
Global
	GlobalSection(SolutionConfigurationPlatforms) = preSolution
		Debug|Any CPU = Debug|Any CPU
		Release|Any CPU = Release|Any CPU
	EndGlobalSection
	GlobalSection(ProjectConfigurationPlatforms) = postSolution
		{3FAEE206-818E-4187-AC83-E91FDE82A5B1}.Debug|Any CPU.ActiveCfg = Debug|Any CPU
		{3FAEE206-818E-4187-AC83-E91FDE82A5B1}.Debug|Any CPU.Build.0 = Debug|Any CPU
		{3FAEE206-818E-4187-AC83-E91FDE82A5B1}.Release|Any CPU.ActiveCfg = Release|Any CPU
		{3FAEE206-818E-4187-AC83-E91FDE82A5B1}.Release|Any CPU.Build.0 = Release|Any CPU
	EndGlobalSection
	GlobalSection(SolutionProperties) = preSolution
		HideSolutionNode = FALSE
	EndGlobalSection
	GlobalSection(ExtensibilityGlobals) = postSolution
		SolutionGuid = {51C47CD9-7FD2-4873-935E-D71E74B95D21}
	EndGlobalSection
EndGlobal
